
Microsoft Visual Studio Solution File, Format Version 12.00
# Visual Studio Version 16
VisualStudioVersion = 16.0.30717.126
MinimumVisualStudioVersion = 10.0.40219.1
Project("{FAE04EC0-301F-11D3-BF4B-00C04F79EFBC}") = "ContactList_Forms", "ContactList_Forms\ContactList_Forms.csproj", "{D347C17B-8E6E-43A5-89C7-1CAC7A4E90DD}"
EndProject
Global
	GlobalSection(SolutionConfigurationPlatforms) = preSolution
		Debug|Any CPU = Debug|Any CPU
		Release|Any CPU = Release|Any CPU
	EndGlobalSection
	GlobalSection(ProjectConfigurationPlatforms) = postSolution
		{D347C17B-8E6E-43A5-89C7-1CAC7A4E90DD}.Debug|Any CPU.ActiveCfg = Debug|Any CPU
		{D347C17B-8E6E-43A5-89C7-1CAC7A4E90DD}.Debug|Any CPU.Build.0 = Debug|Any CPU
		{D347C17B-8E6E-43A5-89C7-1CAC7A4E90DD}.Release|Any CPU.ActiveCfg = Release|Any CPU
		{D347C17B-8E6E-43A5-89C7-1CAC7A4E90DD}.Release|Any CPU.Build.0 = Release|Any CPU
	EndGlobalSection
	GlobalSection(SolutionProperties) = preSolution
		HideSolutionNode = FALSE
	EndGlobalSection
	GlobalSection(ExtensibilityGlobals) = postSolution
		SolutionGuid = {3ACB276D-0BBE-445E-B90F-DB531FC7A9C8}
	EndGlobalSection
EndGlobal
