
Microsoft Visual Studio Solution File, Format Version 12.00
# Visual Studio Version 16
VisualStudioVersion = 16.0.30717.126
MinimumVisualStudioVersion = 10.0.40219.1
Project("{FAE04EC0-301F-11D3-BF4B-00C04F79EFBC}") = "Biblioteca", "Biblioteca\Biblioteca.csproj", "{404F7706-6091-42DC-A05B-C6C195A09240}"
EndProject
Global
	GlobalSection(SolutionConfigurationPlatforms) = preSolution
		Debug|Any CPU = Debug|Any CPU
		Release|Any CPU = Release|Any CPU
	EndGlobalSection
	GlobalSection(ProjectConfigurationPlatforms) = postSolution
		{404F7706-6091-42DC-A05B-C6C195A09240}.Debug|Any CPU.ActiveCfg = Debug|Any CPU
		{404F7706-6091-42DC-A05B-C6C195A09240}.Debug|Any CPU.Build.0 = Debug|Any CPU
		{404F7706-6091-42DC-A05B-C6C195A09240}.Release|Any CPU.ActiveCfg = Release|Any CPU
		{404F7706-6091-42DC-A05B-C6C195A09240}.Release|Any CPU.Build.0 = Release|Any CPU
	EndGlobalSection
	GlobalSection(SolutionProperties) = preSolution
		HideSolutionNode = FALSE
	EndGlobalSection
	GlobalSection(ExtensibilityGlobals) = postSolution
		SolutionGuid = {3C53D081-268E-4074-83C3-FA09BDBA1B38}
	EndGlobalSection
EndGlobal
